PODS:
  - agora_rtc_engine (5.3.1):
    - AgoraIrisRTC_iOS (= 3.7.0.3)
    - AgoraRtcEngine_iOS (= 3.7.0.3)
    - Flutter
  - agora_rtm (1.5.0):
    - AgoraRtm_iOS (= 1.5.1)
    - Flutter
  - agora_uikit (0.0.1):
    - Flutter
  - AgoraIrisRTC_iOS (3.7.0.3)
  - AgoraRtcEngine_iOS (3.7.0.3):
    - AgoraRtcEngine_iOS/AINS (= 3.7.0.3)
    - AgoraRtcEngine_iOS/AV1Dec (= 3.7.0.3)
    - AgoraRtcEngine_iOS/ContentInspect (= 3.7.0.3)
    - AgoraRtcEngine_iOS/FullAudioFormat (= 3.7.0.3)
    - AgoraRtcEngine_iOS/ReplayKit (= 3.7.0.3)
    - AgoraRtcEngine_iOS/ROIEnc (= 3.7.0.3)
    - AgoraRtcEngine_iOS/RtcBasic (= 3.7.0.3)
    - AgoraRtcEngine_iOS/SpatialAudio (= 3.7.0.3)
    - AgoraRtcEngine_iOS/SuperResolution (= 3.7.0.3)
    - AgoraRtcEngine_iOS/VideoPreprocess (= 3.7.0.3)
    - AgoraRtcEngine_iOS/VirtualBackground (= 3.7.0.3)
  - AgoraRtcEngine_iOS/AINS (3.7.0.3)
  - AgoraRtcEngine_iOS/AV1Dec (3.7.0.3)
  - AgoraRtcEngine_iOS/ContentInspect (3.7.0.3)
  - AgoraRtcEngine_iOS/FullAudioFormat (3.7.0.3)
  - AgoraRtcEngine_iOS/ReplayKit (3.7.0.3)
  - AgoraRtcEngine_iOS/ROIEnc (3.7.0.3)
  - AgoraRtcEngine_iOS/RtcBasic (3.7.0.3)
  - AgoraRtcEngine_iOS/SpatialAudio (3.7.0.3)
  - AgoraRtcEngine_iOS/SuperResolution (3.7.0.3)
  - AgoraRtcEngine_iOS/VideoPreprocess (3.7.0.3)
  - AgoraRtcEngine_iOS/VirtualBackground (3.7.0.3)
  - AgoraRtm_iOS (1.5.1)
  - DKImagePickerController/Core (4.3.4):
    - DKImagePickerController/ImageDataManager
    - DKImagePickerController/Resource
  - DKImagePickerController/ImageDataManager (4.3.4)
  - DKImagePickerController/PhotoGallery (4.3.4):
    - DKImagePickerController/Core
    - DKPhotoGallery
  - DKImagePickerController/Resource (4.3.4)
  - DKPhotoGallery (0.0.17):
    - DKPhotoGallery/Core (= 0.0.17)
    - DKPhotoGallery/Model (= 0.0.17)
    - DKPhotoGallery/Preview (= 0.0.17)
    - DKPhotoGallery/Resource (= 0.0.17)
    - SDWebImage
    - SwiftyGif
  - DKPhotoGallery/Core (0.0.17):
    - DKPhotoGallery/Model
    - DKPhotoGallery/Preview
    - SDWebImage
    - SwiftyGif
  - DKPhotoGallery/Model (0.0.17):
    - SDWebImage
    - SwiftyGif
  - DKPhotoGallery/Preview (0.0.17):
    - DKPhotoGallery/Model
    - DKPhotoGallery/Resource
    - SDWebImage
    - SwiftyGif
  - DKPhotoGallery/Resource (0.0.17):
    - SDWebImage
    - SwiftyGif
  - file_picker (0.0.1):
    - DKImagePickerController/PhotoGallery
    - Flutter
  - Flutter (1.0.0)
  - flutter_localization (0.0.1):
    - Flutter
  - flutter_pdfview (1.0.2):
    - Flutter
  - fluttertoast (0.0.2):
    - Flutter
    - Toast
  - human_body_selector (0.0.1):
    - Flutter
  - image_picker_ios (0.0.1):
    - Flutter
  - path_provider_foundation (0.0.1):
    - Flutter
    - FlutterMacOS
  - permission_handler_apple (9.0.4):
    - Flutter
  - printing (1.0.0):
    - Flutter
  - SDWebImage (5.15.0):
    - SDWebImage/Core (= 5.15.0)
  - SDWebImage/Core (5.15.0)
  - shared_preferences_foundation (0.0.1):
    - Flutter
    - FlutterMacOS
  - SwiftyGif (5.4.4)
  - Toast (4.0.0)

DEPENDENCIES:
  - agora_rtc_engine (from `.symlinks/plugins/agora_rtc_engine/ios`)
  - agora_rtm (from `.symlinks/plugins/agora_rtm/ios`)
  - agora_uikit (from `.symlinks/plugins/agora_uikit/ios`)
  - file_picker (from `.symlinks/plugins/file_picker/ios`)
  - Flutter (from `Flutter`)
  - flutter_localization (from `.symlinks/plugins/flutter_localization/ios`)
  - flutter_pdfview (from `.symlinks/plugins/flutter_pdfview/ios`)
  - fluttertoast (from `.symlinks/plugins/fluttertoast/ios`)
  - human_body_selector (from `.symlinks/plugins/human_body_selector/ios`)
  - image_picker_ios (from `.symlinks/plugins/image_picker_ios/ios`)
  - path_provider_foundation (from `.symlinks/plugins/path_provider_foundation/ios`)
  - permission_handler_apple (from `.symlinks/plugins/permission_handler_apple/ios`)
  - printing (from `.symlinks/plugins/printing/ios`)
  - shared_preferences_foundation (from `.symlinks/plugins/shared_preferences_foundation/ios`)

SPEC REPOS:
  trunk:
    - AgoraIrisRTC_iOS
    - AgoraRtcEngine_iOS
    - AgoraRtm_iOS
    - DKImagePickerController
    - DKPhotoGallery
    - SDWebImage
    - SwiftyGif
    - Toast

EXTERNAL SOURCES:
  agora_rtc_engine:
    :path: ".symlinks/plugins/agora_rtc_engine/ios"
  agora_rtm:
    :path: ".symlinks/plugins/agora_rtm/ios"
  agora_uikit:
    :path: ".symlinks/plugins/agora_uikit/ios"
  file_picker:
    :path: ".symlinks/plugins/file_picker/ios"
  Flutter:
    :path: Flutter
  flutter_localization:
    :path: ".symlinks/plugins/flutter_localization/ios"
  flutter_pdfview:
    :path: ".symlinks/plugins/flutter_pdfview/ios"
  fluttertoast:
    :path: ".symlinks/plugins/fluttertoast/ios"
  human_body_selector:
    :path: ".symlinks/plugins/human_body_selector/ios"
  image_picker_ios:
    :path: ".symlinks/plugins/image_picker_ios/ios"
  path_provider_foundation:
    :path: ".symlinks/plugins/path_provider_foundation/ios"
  permission_handler_apple:
    :path: ".symlinks/plugins/permission_handler_apple/ios"
  printing:
    :path: ".symlinks/plugins/printing/ios"
  shared_preferences_foundation:
    :path: ".symlinks/plugins/shared_preferences_foundation/ios"

SPEC CHECKSUMS:
  agora_rtc_engine: 47e0ddc177bae1b85eb00d01a0ea546d87ce0b8b
  agora_rtm: fe254f84e056f8dbcf878a2a20b9f46aa9e7d0dd
  agora_uikit: ca47b21e2af19474ddd8ec153670c2dc8cf3a9e8
  AgoraIrisRTC_iOS: d802443ae16f043e7b2805c978880eb62ee8154c
  AgoraRtcEngine_iOS: 549bb3853d5afb18fabca4197786f39f31141da8
  AgoraRtm_iOS: 595a9fa33a409831e6183396ea8f8bc563918403
  DKImagePickerController: b512c28220a2b8ac7419f21c491fc8534b7601ac
  DKPhotoGallery: fdfad5125a9fdda9cc57df834d49df790dbb4179
  file_picker: ce3938a0df3cc1ef404671531facef740d03f920
  Flutter: f04841e97a9d0b0a8025694d0796dd46242b2854
  flutter_localization: f43b18844a2b3d2c71fd64f04ffd6b1e64dd54d4
  flutter_pdfview: 25f53dd6097661e6395b17de506e6060585946bd
  fluttertoast: eb263d302cc92e04176c053d2385237e9f43fad0
  human_body_selector: 9cabaf1cf5c8582e453a87818b99ecf1ead1ffe5
  image_picker_ios: b786a5dcf033a8336a657191401bfdf12017dabb
  path_provider_foundation: 37748e03f12783f9de2cb2c4eadfaa25fe6d4852
  permission_handler_apple: 44366e37eaf29454a1e7b1b7d736c2cceaeb17ce
  printing: eafa00acb682c0ca029d4d98d0798f55a1e27102
  SDWebImage: 9bec4c5cdd9579e1f57104735ee0c37df274d593
  shared_preferences_foundation: 297b3ebca31b34ec92be11acd7fb0ba932c822ca
  SwiftyGif: 93a1cc87bf3a51916001cf8f3d63835fb64c819f
  Toast: 91b396c56ee72a5790816f40d3a94dd357abc196

PODFILE CHECKSUM: ef19549a9bc3046e7bb7d2fab4d021637c0c58a3

COCOAPODS: 1.11.3
